// !$*UTF8*$!
{
	archiveVersion = 1;
	classes = {
	};
	objectVersion = 50;
	objects = {

/* Begin PBXBuildFile section */
		800C4E18217139040006A54B /* AppDelegate.swift in Sources */ = {isa = PBXBuildFile; fileRef = 800C4E17217139040006A54B /* AppDelegate.swift */; };
		800C4E1A217139040006A54B /* LoginViewController.swift in Sources */ = {isa = PBXBuildFile; fileRef = 800C4E19217139040006A54B /* LoginViewController.swift */; };
		800C4E1F217139090006A54B /* Assets.xcassets in Resources */ = {isa = PBXBuildFile; fileRef = 800C4E1E217139090006A54B /* Assets.xcassets */; };
		800C4E22217139090006A54B /* LaunchScreen.storyboard in Resources */ = {isa = PBXBuildFile; fileRef = 800C4E20217139090006A54B /* LaunchScreen.storyboard */; };
		800C4E2A217158550006A54B /* RegisterViewController.swift in Sources */ = {isa = PBXBuildFile; fileRef = 800C4E29217158550006A54B /* RegisterViewController.swift */; };
		80C087CD2183591E006C621B /* GoogleService-Info.plist in Resources */ = {isa = PBXBuildFile; fileRef = 80C087CC2183591E006C621B /* GoogleService-Info.plist */; };
		80C087CF21836B9D006C621B /* LoggedInUser.swift in Sources */ = {isa = PBXBuildFile; fileRef = 80C087CE21836B9D006C621B /* LoggedInUser.swift */; };
		80F963B421834BCD001047D4 /* HomeViewController.swift in Sources */ = {isa = PBXBuildFile; fileRef = 80F963B321834BCD001047D4 /* HomeViewController.swift */; };
		A91CCB980A5D0CDEB11272C0 /* Pods_BeyondBirth.framework in Frameworks */ = {isa = PBXBuildFile; fileRef = DA43D5DF6166998B62747883 /* Pods_BeyondBirth.framework */; };
/* End PBXBuildFile section */

/* Begin PBXFileReference section */
		3D1C9797CE74498414804BD3 /* Pods-BeyondBirth.debug.xcconfig */ = {isa = PBXFileReference; includeInIndex = 1; lastKnownFileType = text.xcconfig; name = "Pods-BeyondBirth.debug.xcconfig"; path = "Pods/Target Support Files/Pods-BeyondBirth/Pods-BeyondBirth.debug.xcconfig"; sourceTree = "<group>"; };
		800C4E14217139040006A54B /* BeyondBirth.app */ = {isa = PBXFileReference; explicitFileType = wrapper.application; includeInIndex = 0; path = BeyondBirth.app; sourceTree = BUILT_PRODUCTS_DIR; };
		800C4E17217139040006A54B /* AppDelegate.swift */ = {isa = PBXFileReference; lastKnownFileType = sourcecode.swift; path = AppDelegate.swift; sourceTree = "<group>"; };
		800C4E19217139040006A54B /* LoginViewController.swift */ = {isa = PBXFileReference; lastKnownFileType = sourcecode.swift; path = LoginViewController.swift; sourceTree = "<group>"; };
		800C4E1E217139090006A54B /* Assets.xcassets */ = {isa = PBXFileReference; lastKnownFileType = folder.assetcatalog; path = Assets.xcassets; sourceTree = "<group>"; };
		800C4E21217139090006A54B /* Base */ = {isa = PBXFileReference; lastKnownFileType = file.storyboard; name = Base; path = Base.lproj/LaunchScreen.storyboard; sourceTree = "<group>"; };
		800C4E23217139090006A54B /* Info.plist */ = {isa = PBXFileReference; lastKnownFileType = text.plist.xml; path = Info.plist; sourceTree = "<group>"; };
		800C4E29217158550006A54B /* RegisterViewController.swift */ = {isa = PBXFileReference; lastKnownFileType = sourcecode.swift; path = RegisterViewController.swift; sourceTree = "<group>"; };
		80C087CC2183591E006C621B /* GoogleService-Info.plist */ = {isa = PBXFileReference; fileEncoding = 4; lastKnownFileType = text.plist.xml; path = "GoogleService-Info.plist"; sourceTree = SOURCE_ROOT; };
		80C087CE21836B9D006C621B /* LoggedInUser.swift */ = {isa = PBXFileReference; lastKnownFileType = sourcecode.swift; path = LoggedInUser.swift; sourceTree = "<group>"; };
		80F963B321834BCD001047D4 /* HomeViewController.swift */ = {isa = PBXFileReference; lastKnownFileType = sourcecode.swift; path = HomeViewController.swift; sourceTree = "<group>"; };
		A7016FBAF14B6CBC92D4E922 /* Pods-BeyondBirth.release.xcconfig */ = {isa = PBXFileReference; includeInIndex = 1; lastKnownFileType = text.xcconfig; name = "Pods-BeyondBirth.release.xcconfig"; path = "Pods/Target Support Files/Pods-BeyondBirth/Pods-BeyondBirth.release.xcconfig"; sourceTree = "<group>"; };
		DA43D5DF6166998B62747883 /* Pods_BeyondBirth.framework */ = {isa = PBXFileReference; explicitFileType = wrapper.framework; includeInIndex = 0; path = Pods_BeyondBirth.framework; sourceTree = BUILT_PRODUCTS_DIR; };
/* End PBXFileReference section */

/* Begin PBXFrameworksBuildPhase section */
		800C4E11217139040006A54B /* Frameworks */ = {
			isa = PBXFrameworksBuildPhase;
			buildActionMask = 2147483647;
			files = (
				A91CCB980A5D0CDEB11272C0 /* Pods_BeyondBirth.framework in Frameworks */,
			);
			runOnlyForDeploymentPostprocessing = 0;
		};
/* End PBXFrameworksBuildPhase section */

/* Begin PBXGroup section */
		3FBCA993581DE43E2D250046 /* Frameworks */ = {
			isa = PBXGroup;
			children = (
				DA43D5DF6166998B62747883 /* Pods_BeyondBirth.framework */,
			);
			name = Frameworks;
			sourceTree = "<group>";
		};
		61B456386AC8AE560D3806A8 /* Pods */ = {
			isa = PBXGroup;
			children = (
				3D1C9797CE74498414804BD3 /* Pods-BeyondBirth.debug.xcconfig */,
				A7016FBAF14B6CBC92D4E922 /* Pods-BeyondBirth.release.xcconfig */,
			);
			name = Pods;
			sourceTree = "<group>";
		};
		800C4E0B217139040006A54B = {
			isa = PBXGroup;
			children = (
				800C4E16217139040006A54B /* BeyondBirth */,
				800C4E15217139040006A54B /* Products */,
				61B456386AC8AE560D3806A8 /* Pods */,
				3FBCA993581DE43E2D250046 /* Frameworks */,
			);
			sourceTree = "<group>";
		};
		800C4E15217139040006A54B /* Products */ = {
			isa = PBXGroup;
			children = (
				800C4E14217139040006A54B /* BeyondBirth.app */,
			);
			name = Products;
			sourceTree = "<group>";
		};
		800C4E16217139040006A54B /* BeyondBirth */ = {
			isa = PBXGroup;
			children = (
				800C4E17217139040006A54B /* AppDelegate.swift */,
				80F963B321834BCD001047D4 /* HomeViewController.swift */,
				80C087D021837063006C621B /* Login and Registration */,
				80C087D12183708E006C621B /* Models */,
				800C4E1E217139090006A54B /* Assets.xcassets */,
				800C4E20217139090006A54B /* LaunchScreen.storyboard */,
				800C4E23217139090006A54B /* Info.plist */,
				80C087CC2183591E006C621B /* GoogleService-Info.plist */,
			);
			path = BeyondBirth;
			sourceTree = "<group>";
		};
		80C087D021837063006C621B /* Login and Registration */ = {
			isa = PBXGroup;
			children = (
				800C4E19217139040006A54B /* LoginViewController.swift */,
				800C4E29217158550006A54B /* RegisterViewController.swift */,
			);
			path = "Login and Registration";
			sourceTree = "<group>";
		};
		80C087D12183708E006C621B /* Models */ = {
			isa = PBXGroup;
			children = (
				80C087CE21836B9D006C621B /* LoggedInUser.swift */,
			);
			path = Models;
			sourceTree = "<group>";
		};
/* End PBXGroup section */

/* Begin PBXNativeTarget section */
		800C4E13217139040006A54B /* BeyondBirth */ = {
			isa = PBXNativeTarget;
			buildConfigurationList = 800C4E26217139090006A54B /* Build configuration list for PBXNativeTarget "BeyondBirth" */;
			buildPhases = (
				754C4469D9B1A63DCEC57CE3 /* [CP] Check Pods Manifest.lock */,
				800C4E10217139040006A54B /* Sources */,
				800C4E11217139040006A54B /* Frameworks */,
				800C4E12217139040006A54B /* Resources */,
				30FBF7A3B58D9161AC1F927F /* [CP] Embed Pods Frameworks */,
			);
			buildRules = (
			);
			dependencies = (
			);
			name = BeyondBirth;
			productName = BeyondBirth;
			productReference = 800C4E14217139040006A54B /* BeyondBirth.app */;
			productType = "com.apple.product-type.application";
		};
/* End PBXNativeTarget section */

/* Begin PBXProject section */
		800C4E0C217139040006A54B /* Project object */ = {
			isa = PBXProject;
			attributes = {
				LastSwiftUpdateCheck = 1000;
				LastUpgradeCheck = 1000;
				ORGANIZATIONNAME = "Jordan George";
				TargetAttributes = {
					800C4E13217139040006A54B = {
						CreatedOnToolsVersion = 10.0;
					};
				};
			};
			buildConfigurationList = 800C4E0F217139040006A54B /* Build configuration list for PBXProject "BeyondBirth" */;
			compatibilityVersion = "Xcode 9.3";
			developmentRegion = en;
			hasScannedForEncodings = 0;
			knownRegions = (
				en,
				Base,
			);
			mainGroup = 800C4E0B217139040006A54B;
			productRefGroup = 800C4E15217139040006A54B /* Products */;
			projectDirPath = "";
			projectRoot = "";
			targets = (
				800C4E13217139040006A54B /* BeyondBirth */,
			);
		};
/* End PBXProject section */

/* Begin PBXResourcesBuildPhase section */
		800C4E12217139040006A54B /* Resources */ = {
			isa = PBXResourcesBuildPhase;
			buildActionMask = 2147483647;
			files = (
				800C4E22217139090006A54B /* LaunchScreen.storyboard in Resources */,
				80C087CD2183591E006C621B /* GoogleService-Info.plist in Resources */,
				800C4E1F217139090006A54B /* Assets.xcassets in Resources */,
			);
			runOnlyForDeploymentPostprocessing = 0;
		};
/* End PBXResourcesBuildPhase section */

/* Begin PBXShellScriptBuildPhase section */
		30FBF7A3B58D9161AC1F927F /* [CP] Embed Pods Frameworks */ = {
			isa = PBXShellScriptBuildPhase;
			buildActionMask = 2147483647;
			files = (
			);
			inputFileListPaths = (
			);
			inputPaths = (
				"${SRCROOT}/Pods/Target Support Files/Pods-BeyondBirth/Pods-BeyondBirth-frameworks.sh",
				"${BUILT_PRODUCTS_DIR}/GTMSessionFetcher/GTMSessionFetcher.framework",
				"${BUILT_PRODUCTS_DIR}/GoogleUtilities/GoogleUtilities.framework",
				"${BUILT_PRODUCTS_DIR}/leveldb-library/leveldb.framework",
				"${BUILT_PRODUCTS_DIR}/nanopb/nanopb.framework",
			);
			name = "[CP] Embed Pods Frameworks";
			outputFileListPaths = (
			);
			outputPaths = (
				"${TARGET_BUILD_DIR}/${FRAMEWORKS_FOLDER_PATH}/GTMSessionFetcher.framework",
				"${TARGET_BUILD_DIR}/${FRAMEWORKS_FOLDER_PATH}/GoogleUtilities.framework",
				"${TARGET_BUILD_DIR}/${FRAMEWORKS_FOLDER_PATH}/leveldb.framework",
				"${TARGET_BUILD_DIR}/${FRAMEWORKS_FOLDER_PATH}/nanopb.framework",
			);
			runOnlyForDeploymentPostprocessing = 0;
			shellPath = /bin/sh;
			shellScript = "\"${SRCROOT}/Pods/Target Support Files/Pods-BeyondBirth/Pods-BeyondBirth-frameworks.sh\"\n";
			showEnvVarsInLog = 0;
		};
		754C4469D9B1A63DCEC57CE3 /* [CP] Check Pods Manifest.lock */ = {
			isa = PBXShellScriptBuildPhase;
			buildActionMask = 2147483647;
			files = (
			);
			inputFileListPaths = (
			);
			inputPaths = (
				"${PODS_PODFILE_DIR_PATH}/Podfile.lock",
				"${PODS_ROOT}/Manifest.lock",
			);
			name = "[CP] Check Pods Manifest.lock";
			outputFileListPaths = (
			);
			outputPaths = (
				"$(DERIVED_FILE_DIR)/Pods-BeyondBirth-checkManifestLockResult.txt",
			);
			runOnlyForDeploymentPostprocessing = 0;
			shellPath = /bin/sh;
			shellScript = "diff \"${PODS_PODFILE_DIR_PATH}/Podfile.lock\" \"${PODS_ROOT}/Manifest.lock\" > /dev/null\nif [ $? != 0 ] ; then\n    # print error to STDERR\n    echo \"error: The sandbox is not in sync with the Podfile.lock. Run 'pod install' or update your CocoaPods installation.\" >&2\n    exit 1\nfi\n# This output is used by Xcode 'outputs' to avoid re-running this script phase.\necho \"SUCCESS\" > \"${SCRIPT_OUTPUT_FILE_0}\"\n";
			showEnvVarsInLog = 0;
		};
/* End PBXShellScriptBuildPhase section */

/* Begin PBXSourcesBuildPhase section */
		800C4E10217139040006A54B /* Sources */ = {
			isa = PBXSourcesBuildPhase;
			buildActionMask = 2147483647;
			files = (
				800C4E2A217158550006A54B /* RegisterViewController.swift in Sources */,
				800C4E1A217139040006A54B /* LoginViewController.swift in Sources */,
				800C4E18217139040006A54B /* AppDelegate.swift in Sources */,
				80F963B421834BCD001047D4 /* HomeViewController.swift in Sources */,
				80C087CF21836B9D006C621B /* LoggedInUser.swift in Sources */,
			);
			runOnlyForDeploymentPostprocessing = 0;
		};
/* End PBXSourcesBuildPhase section */

/* Begin PBXVariantGroup section */
		800C4E20217139090006A54B /* LaunchScreen.storyboard */ = {
			isa = PBXVariantGroup;
			children = (
				800C4E21217139090006A54B /* Base */,
			);
			name = LaunchScreen.storyboard;
			sourceTree = "<group>";
		};
/* End PBXVariantGroup section */

/* Begin XCBuildConfiguration section */
		800C4E24217139090006A54B /* Debug */ = {
			isa = XCBuildConfiguration;
			buildSettings = {
				ALWAYS_SEARCH_USER_PATHS = NO;
				CLANG_ANALYZER_NONNULL = YES;
				CLANG_ANALYZER_NUMBER_OBJECT_CONVERSION = YES_AGGRESSIVE;
				CLANG_CXX_LANGUAGE_STANDARD = "gnu++14";
				CLANG_CXX_LIBRARY = "libc++";
				CLANG_ENABLE_MODULES = YES;
				CLANG_ENABLE_OBJC_ARC = YES;
				CLANG_ENABLE_OBJC_WEAK = YES;
				CLANG_WARN_BLOCK_CAPTURE_AUTORELEASING = YES;
				CLANG_WARN_BOOL_CONVERSION = YES;
				CLANG_WARN_COMMA = YES;
				CLANG_WARN_CONSTANT_CONVERSION = YES;
				CLANG_WARN_DEPRECATED_OBJC_IMPLEMENTATIONS = YES;
				CLANG_WARN_DIRECT_OBJC_ISA_USAGE = YES_ERROR;
				CLANG_WARN_DOCUMENTATION_COMMENTS = YES;
				CLANG_WARN_EMPTY_BODY = YES;
				CLANG_WARN_ENUM_CONVERSION = YES;
				CLANG_WARN_INFINITE_RECURSION = YES;
				CLANG_WARN_INT_CONVERSION = YES;
				CLANG_WARN_NON_LITERAL_NULL_CONVERSION = YES;
				CLANG_WARN_OBJC_IMPLICIT_RETAIN_SELF = YES;
				CLANG_WARN_OBJC_LITERAL_CONVERSION = YES;
				CLANG_WARN_OBJC_ROOT_CLASS = YES_ERROR;
				CLANG_WARN_RANGE_LOOP_ANALYSIS = YES;
				CLANG_WARN_STRICT_PROTOTYPES = YES;
				CLANG_WARN_SUSPICIOUS_MOVE = YES;
				CLANG_WARN_UNGUARDED_AVAILABILITY = YES_AGGRESSIVE;
				CLANG_WARN_UNREACHABLE_CODE = YES;
				CLANG_WARN__DUPLICATE_METHOD_MATCH = YES;
				CODE_SIGN_IDENTITY = "iPhone Developer";
				COPY_PHASE_STRIP = NO;
				DEBUG_INFORMATION_FORMAT = dwarf;
				ENABLE_STRICT_OBJC_MSGSEND = YES;
				ENABLE_TESTABILITY = YES;
				GCC_C_LANGUAGE_STANDARD = gnu11;
				GCC_DYNAMIC_NO_PIC = NO;
				GCC_NO_COMMON_BLOCKS = YES;
				GCC_OPTIMIZATION_LEVEL = 0;
				GCC_PREPROCESSOR_DEFINITIONS = (
					"DEBUG=1",
					"$(inherited)",
				);
				GCC_WARN_64_TO_32_BIT_CONVERSION = YES;
				GCC_WARN_ABOUT_RETURN_TYPE = YES_ERROR;
				GCC_WARN_UNDECLARED_SELECTOR = YES;
				GCC_WARN_UNINITIALIZED_AUTOS = YES_AGGRESSIVE;
				GCC_WARN_UNUSED_FUNCTION = YES;
				GCC_WARN_UNUSED_VARIABLE = YES;
				IPHONEOS_DEPLOYMENT_TARGET = 12.0;
				MTL_ENABLE_DEBUG_INFO = INCLUDE_SOURCE;
				MTL_FAST_MATH = YES;
				ONLY_ACTIVE_ARCH = YES;
				SDKROOT = iphoneos;
				SWIFT_ACTIVE_COMPILATION_CONDITIONS = DEBUG;
				SWIFT_OPTIMIZATION_LEVEL = "-Onone";
			};
			name = Debug;
		};
		800C4E25217139090006A54B /* Release */ = {
			isa = XCBuildConfiguration;
			buildSettings = {
				ALWAYS_SEARCH_USER_PATHS = NO;
				CLANG_ANALYZER_NONNULL = YES;
				CLANG_ANALYZER_NUMBER_OBJECT_CONVERSION = YES_AGGRESSIVE;
				CLANG_CXX_LANGUAGE_STANDARD = "gnu++14";
				CLANG_CXX_LIBRARY = "libc++";
				CLANG_ENABLE_MODULES = YES;
				CLANG_ENABLE_OBJC_ARC = YES;
				CLANG_ENABLE_OBJC_WEAK = YES;
				CLANG_WARN_BLOCK_CAPTURE_AUTORELEASING = YES;
				CLANG_WARN_BOOL_CONVERSION = YES;
				CLANG_WARN_COMMA = YES;
				CLANG_WARN_CONSTANT_CONVERSION = YES;
				CLANG_WARN_DEPRECATED_OBJC_IMPLEMENTATIONS = YES;
				CLANG_WARN_DIRECT_OBJC_ISA_USAGE = YES_ERROR;
				CLANG_WARN_DOCUMENTATION_COMMENTS = YES;
				CLANG_WARN_EMPTY_BODY = YES;
				CLANG_WARN_ENUM_CONVERSION = YES;
				CLANG_WARN_INFINITE_RECURSION = YES;
				CLANG_WARN_INT_CONVERSION = YES;
				CLANG_WARN_NON_LITERAL_NULL_CONVERSION = YES;
				CLANG_WARN_OBJC_IMPLICIT_RETAIN_SELF = YES;
				CLANG_WARN_OBJC_LITERAL_CONVERSION = YES;
				CLANG_WARN_OBJC_ROOT_CLASS = YES_ERROR;
				CLANG_WARN_RANGE_LOOP_ANALYSIS = YES;
				CLANG_WARN_STRICT_PROTOTYPES = YES;
				CLANG_WARN_SUSPICIOUS_MOVE = YES;
				CLANG_WARN_UNGUARDED_AVAILABILITY = YES_AGGRESSIVE;
				CLANG_WARN_UNREACHABLE_CODE = YES;
				CLANG_WARN__DUPLICATE_METHOD_MATCH = YES;
				CODE_SIGN_IDENTITY = "iPhone Developer";
				COPY_PHASE_STRIP = NO;
				DEBUG_INFORMATION_FORMAT = "dwarf-with-dsym";
				ENABLE_NS_ASSERTIONS = NO;
				ENABLE_STRICT_OBJC_MSGSEND = YES;
				GCC_C_LANGUAGE_STANDARD = gnu11;
				GCC_NO_COMMON_BLOCKS = YES;
				GCC_WARN_64_TO_32_BIT_CONVERSION = YES;
				GCC_WARN_ABOUT_RETURN_TYPE = YES_ERROR;
				GCC_WARN_UNDECLARED_SELECTOR = YES;
				GCC_WARN_UNINITIALIZED_AUTOS = YES_AGGRESSIVE;
				GCC_WARN_UNUSED_FUNCTION = YES;
				GCC_WARN_UNUSED_VARIABLE = YES;
				IPHONEOS_DEPLOYMENT_TARGET = 12.0;
				MTL_ENABLE_DEBUG_INFO = NO;
				MTL_FAST_MATH = YES;
				SDKROOT = iphoneos;
				SWIFT_COMPILATION_MODE = wholemodule;
				SWIFT_OPTIMIZATION_LEVEL = "-O";
				VALIDATE_PRODUCT = YES;
			};
			name = Release;
		};
		800C4E27217139090006A54B /* Debug */ = {
			isa = XCBuildConfiguration;
			baseConfigurationReference = 3D1C9797CE74498414804BD3 /* Pods-BeyondBirth.debug.xcconfig */;
			buildSettings = {
				ASSETCATALOG_COMPILER_APPICON_NAME = AppIcon;
				CODE_SIGN_STYLE = Automatic;
				DEVELOPMENT_TEAM = SSJNP7NYVC;
				INFOPLIST_FILE = BeyondBirth/Info.plist;
				LD_RUNPATH_SEARCH_PATHS = (
					"$(inherited)",
					"@executable_path/Frameworks",
				);
				PRODUCT_BUNDLE_IDENTIFIER = jordangeorge.BeyondBirth;
				PRODUCT_NAME = "$(TARGET_NAME)";
				SWIFT_VERSION = 4.2;
				TARGETED_DEVICE_FAMILY = "1,2";
			};
			name = Debug;
		};
		800C4E28217139090006A54B /* Release */ = {
			isa = XCBuildConfiguration;
			baseConfigurationReference = A7016FBAF14B6CBC92D4E922 /* Pods-BeyondBirth.release.xcconfig */;
			buildSettings = {
				ASSETCATALOG_COMPILER_APPICON_NAME = AppIcon;
				CODE_SIGN_STYLE = Automatic;
				DEVELOPMENT_TEAM = SSJNP7NYVC;
				INFOPLIST_FILE = BeyondBirth/Info.plist;
				LD_RUNPATH_SEARCH_PATHS = (
					"$(inherited)",
					"@executable_path/Frameworks",
				);
				PRODUCT_BUNDLE_IDENTIFIER = jordangeorge.BeyondBirth;
				PRODUCT_NAME = "$(TARGET_NAME)";
				SWIFT_VERSION = 4.2;
				TARGETED_DEVICE_FAMILY = "1,2";
			};
			name = Release;
		};
/* End XCBuildConfiguration section */

/* Begin XCConfigurationList section */
		800C4E0F217139040006A54B /* Build configuration list for PBXProject "BeyondBirth" */ = {
			isa = XCConfigurationList;
			buildConfigurations = (
				800C4E24217139090006A54B /* Debug */,
				800C4E25217139090006A54B /* Release */,
			);
			defaultConfigurationIsVisible = 0;
			defaultConfigurationName = Release;
		};
		800C4E26217139090006A54B /* Build configuration list for PBXNativeTarget "BeyondBirth" */ = {
			isa = XCConfigurationList;
			buildConfigurations = (
				800C4E27217139090006A54B /* Debug */,
				800C4E28217139090006A54B /* Release */,
			);
			defaultConfigurationIsVisible = 0;
			defaultConfigurationName = Release;
		};
/* End XCConfigurationList section */
	};
	rootObject = 800C4E0C217139040006A54B /* Project object */;
}
